
Microsoft Visual Studio Solution File, Format Version 12.00
# Visual Studio 15
VisualStudioVersion = 15.0.27428.2037
MinimumVisualStudioVersion = 10.0.40219.1
Project("{9A19103F-16F7-4668-BE54-9A1E7A4F7556}") = "Hyponome.Web", "Hyponome.Web\Hyponome.Web.csproj", "{C18D798C-6710-4FDE-86FB-B18BA9BE302C}"
EndProject
Global
	GlobalSection(SolutionConfigurationPlatforms) = preSolution
		Debug|Any CPU = Debug|Any CPU
		Release|Any CPU = Release|Any CPU
	EndGlobalSection
	GlobalSection(ProjectConfigurationPlatforms) = postSolution
		{C18D798C-6710-4FDE-86FB-B18BA9BE302C}.Debug|Any CPU.ActiveCfg = Debug|Any CPU
		{C18D798C-6710-4FDE-86FB-B18BA9BE302C}.Debug|Any CPU.Build.0 = Debug|Any CPU
		{C18D798C-6710-4FDE-86FB-B18BA9BE302C}.Release|Any CPU.ActiveCfg = Release|Any CPU
		{C18D798C-6710-4FDE-86FB-B18BA9BE302C}.Release|Any CPU.Build.0 = Release|Any CPU
	EndGlobalSection
	GlobalSection(SolutionProperties) = preSolution
		HideSolutionNode = FALSE
	EndGlobalSection
	GlobalSection(ExtensibilityGlobals) = postSolution
		SolutionGuid = {B5CF6349-6637-4089-9FB6-3DC7F0F5A68A}
	EndGlobalSection
EndGlobal
