
Microsoft Visual Studio Solution File, Format Version 12.00
# Visual Studio Version 16
VisualStudioVersion = 16.0.29403.142
MinimumVisualStudioVersion = 10.0.40219.1
Project("{9A19103F-16F7-4668-BE54-9A1E7A4F7556}") = "Hyponome.Server", "Hyponome\Server\Hyponome.Server.csproj", "{113847D7-EFCD-4879-AF18-6E80E7C50045}"
EndProject
Project("{9A19103F-16F7-4668-BE54-9A1E7A4F7556}") = "Hyponome.Client", "Hyponome\Client\Hyponome.Client.csproj", "{9B61A915-A806-450A-8C97-6856738456A6}"
EndProject
Project("{9A19103F-16F7-4668-BE54-9A1E7A4F7556}") = "Hyponome.Shared", "Hyponome\Shared\Hyponome.Shared.csproj", "{74E2209E-211B-4FF4-8DEF-4DB89FEF6781}"
EndProject
Global
	GlobalSection(SolutionConfigurationPlatforms) = preSolution
		Debug|Any CPU = Debug|Any CPU
		Release|Any CPU = Release|Any CPU
	EndGlobalSection
	GlobalSection(ProjectConfigurationPlatforms) = postSolution
		{113847D7-EFCD-4879-AF18-6E80E7C50045}.Debug|Any CPU.ActiveCfg = Debug|Any CPU
		{113847D7-EFCD-4879-AF18-6E80E7C50045}.Debug|Any CPU.Build.0 = Debug|Any CPU
		{113847D7-EFCD-4879-AF18-6E80E7C50045}.Release|Any CPU.ActiveCfg = Release|Any CPU
		{113847D7-EFCD-4879-AF18-6E80E7C50045}.Release|Any CPU.Build.0 = Release|Any CPU
		{9B61A915-A806-450A-8C97-6856738456A6}.Debug|Any CPU.ActiveCfg = Debug|Any CPU
		{9B61A915-A806-450A-8C97-6856738456A6}.Debug|Any CPU.Build.0 = Debug|Any CPU
		{9B61A915-A806-450A-8C97-6856738456A6}.Release|Any CPU.ActiveCfg = Release|Any CPU
		{9B61A915-A806-450A-8C97-6856738456A6}.Release|Any CPU.Build.0 = Release|Any CPU
		{74E2209E-211B-4FF4-8DEF-4DB89FEF6781}.Debug|Any CPU.ActiveCfg = Debug|Any CPU
		{74E2209E-211B-4FF4-8DEF-4DB89FEF6781}.Debug|Any CPU.Build.0 = Debug|Any CPU
		{74E2209E-211B-4FF4-8DEF-4DB89FEF6781}.Release|Any CPU.ActiveCfg = Release|Any CPU
		{74E2209E-211B-4FF4-8DEF-4DB89FEF6781}.Release|Any CPU.Build.0 = Release|Any CPU
	EndGlobalSection
	GlobalSection(SolutionProperties) = preSolution
		HideSolutionNode = FALSE
	EndGlobalSection
	GlobalSection(ExtensibilityGlobals) = postSolution
		SolutionGuid = {510FD303-327B-4821-8EFA-6F6D6F8F9887}
	EndGlobalSection
EndGlobal
